Microsoft Visual Studio Solution File, Format Version 12.00
# Visual Studio Version 17
VisualStudioVersion = 17.5.2.0
MinimumVisualStudioVersion = 10.0.40219.1
Project("{FAE04EC0-301F-11D3-BF4B-00C04F79EFBC}") = "poocc", "poocc.csproj", "{F8DAE587-91AF-03FE-4CF6-DF326039DD88}"
EndProject
Global
	GlobalSection(SolutionConfigurationPlatforms) = preSolution
		Debug|Any CPU = Debug|Any CPU
		Release|Any CPU = Release|Any CPU
	EndGlobalSection
	GlobalSection(ProjectConfigurationPlatforms) = postSolution
		{F8DAE587-91AF-03FE-4CF6-DF326039DD88}.Debug|Any CPU.ActiveCfg = Debug|Any CPU
		{F8DAE587-91AF-03FE-4CF6-DF326039DD88}.Debug|Any CPU.Build.0 = Debug|Any CPU
		{F8DAE587-91AF-03FE-4CF6-DF326039DD88}.Release|Any CPU.ActiveCfg = Release|Any CPU
		{F8DAE587-91AF-03FE-4CF6-DF326039DD88}.Release|Any CPU.Build.0 = Release|Any CPU
	EndGlobalSection
	GlobalSection(SolutionProperties) = preSolution
		HideSolutionNode = FALSE
	EndGlobalSection
	GlobalSection(ExtensibilityGlobals) = postSolution
		SolutionGuid = {3C6A195D-10CB-42E3-9E76-62E66E7066BD}
	EndGlobalSection
EndGlobal
